
Microsoft Visual Studio Solution File, Format Version 12.00
# Visual Studio Version 17
VisualStudioVersion = 17.1.32421.90
MinimumVisualStudioVersion = 10.0.40219.1
Project("{FAE04EC0-301F-11D3-BF4B-00C04F79EFBC}") = "LibreriaClimaEntitiesORM", "LibreriaClimaEntitiesORM\LibreriaClimaEntitiesORM.csproj", "{6B71B996-1B46-4C24-87D9-95A5BA2EA43E}"
EndProject
Project("{FAE04EC0-301F-11D3-BF4B-00C04F79EFBC}") = "LibreriaClimaNegocio", "LibreriaClimaNegocio\LibreriaClimaNegocio.csproj", "{91D0CC91-FECE-4DF8-AFD6-8D8316348BA8}"
EndProject
Project("{FAE04EC0-301F-11D3-BF4B-00C04F79EFBC}") = "LibreriaClimaWCF", "LibreriaClimaWCF\LibreriaClimaWCF.csproj", "{81092AE0-093A-4835-AF37-8743D444FBFA}"
EndProject
Project("{FAE04EC0-301F-11D3-BF4B-00C04F79EFBC}") = "ServicioWindowsHostWCF", "ServicioWindowsHostWCF\ServicioWindowsHostWCF.csproj", "{740FA002-2151-4FF7-9D68-0C00923BD0ED}"
EndProject
Project("{FAE04EC0-301F-11D3-BF4B-00C04F79EFBC}") = "WebClima", "WebClima\WebClima.csproj", "{793AC078-9656-4E55-9220-EE916D105E87}"
EndProject
Global
	GlobalSection(SolutionConfigurationPlatforms) = preSolution
		Debug|Any CPU = Debug|Any CPU
		Release|Any CPU = Release|Any CPU
	EndGlobalSection
	GlobalSection(ProjectConfigurationPlatforms) = postSolution
		{6B71B996-1B46-4C24-87D9-95A5BA2EA43E}.Debug|Any CPU.ActiveCfg = Debug|Any CPU
		{6B71B996-1B46-4C24-87D9-95A5BA2EA43E}.Debug|Any CPU.Build.0 = Debug|Any CPU
		{6B71B996-1B46-4C24-87D9-95A5BA2EA43E}.Release|Any CPU.ActiveCfg = Release|Any CPU
		{6B71B996-1B46-4C24-87D9-95A5BA2EA43E}.Release|Any CPU.Build.0 = Release|Any CPU
		{91D0CC91-FECE-4DF8-AFD6-8D8316348BA8}.Debug|Any CPU.ActiveCfg = Debug|Any CPU
		{91D0CC91-FECE-4DF8-AFD6-8D8316348BA8}.Debug|Any CPU.Build.0 = Debug|Any CPU
		{91D0CC91-FECE-4DF8-AFD6-8D8316348BA8}.Release|Any CPU.ActiveCfg = Release|Any CPU
		{91D0CC91-FECE-4DF8-AFD6-8D8316348BA8}.Release|Any CPU.Build.0 = Release|Any CPU
		{81092AE0-093A-4835-AF37-8743D444FBFA}.Debug|Any CPU.ActiveCfg = Debug|Any CPU
		{81092AE0-093A-4835-AF37-8743D444FBFA}.Debug|Any CPU.Build.0 = Debug|Any CPU
		{81092AE0-093A-4835-AF37-8743D444FBFA}.Release|Any CPU.ActiveCfg = Release|Any CPU
		{81092AE0-093A-4835-AF37-8743D444FBFA}.Release|Any CPU.Build.0 = Release|Any CPU
		{740FA002-2151-4FF7-9D68-0C00923BD0ED}.Debug|Any CPU.ActiveCfg = Debug|Any CPU
		{740FA002-2151-4FF7-9D68-0C00923BD0ED}.Debug|Any CPU.Build.0 = Debug|Any CPU
		{740FA002-2151-4FF7-9D68-0C00923BD0ED}.Release|Any CPU.ActiveCfg = Release|Any CPU
		{740FA002-2151-4FF7-9D68-0C00923BD0ED}.Release|Any CPU.Build.0 = Release|Any CPU
		{793AC078-9656-4E55-9220-EE916D105E87}.Debug|Any CPU.ActiveCfg = Debug|Any CPU
		{793AC078-9656-4E55-9220-EE916D105E87}.Debug|Any CPU.Build.0 = Debug|Any CPU
		{793AC078-9656-4E55-9220-EE916D105E87}.Release|Any CPU.ActiveCfg = Release|Any CPU
		{793AC078-9656-4E55-9220-EE916D105E87}.Release|Any CPU.Build.0 = Release|Any CPU
	EndGlobalSection
	GlobalSection(SolutionProperties) = preSolution
		HideSolutionNode = FALSE
	EndGlobalSection
	GlobalSection(ExtensibilityGlobals) = postSolution
		SolutionGuid = {845B4D26-044C-43DB-A12A-5700BDF8C47A}
	EndGlobalSection
EndGlobal
